# This file is automatically @generated by Cargo.
# It is not intended for manual editing.
version = 3

[[package]]
name = "ch07-02-defining-modules-to-control-scope-and-privacy"
version = "0.1.0"

[[package]]
name = "ch07-02-defining-modules-to-control-scope-and-privacy_lib"
version = "0.1.0"

[[package]]
name = "ch07-03-paths-for-referring-to-an-item-in-the-module-tree"
version = "0.1.0"

[[package]]
name = "ch07-04-bringing-paths-into-scope-with-the-use-keyword"
version = "0.1.0"

[[package]]
name = "ch07-05-separating-modules-into-different-files"
version = "0.1.0"
